// !$*UTF8*$!
{
	archiveVersion = 1;
	classes = {
	};
	objectVersion = 56;
	objects = {

/* Begin PBXBuildFile section */
		7D8D349E2CE1071D00A0CE5D /* echoApp.swift in Sources */ = {isa = PBXBuildFile; fileRef = 7D8D349D2CE1071D00A0CE5D /* echoApp.swift */; };
		7D8D34A02CE1071D00A0CE5D /* ContentView.swift in Sources */ = {isa = PBXBuildFile; fileRef = 7D8D349F2CE1071D00A0CE5D /* ContentView.swift */; };
		7D8D34A22CE1072000A0CE5D /* Assets.xcassets in Resources */ = {isa = PBXBuildFile; fileRef = 7D8D34A12CE1072000A0CE5D /* Assets.xcassets */; };
		7D8D34A52CE1072000A0CE5D /* Preview Assets.xcassets in Resources */ = {isa = PBXBuildFile; fileRef = 7D8D34A42CE1072000A0CE5D /* Preview Assets.xcassets */; };
		7D8D34AC2CE1073300A0CE5D /* messages.json in Resources */ = {isa = PBXBuildFile; fileRef = 7D8D34AB2CE1073300A0CE5D /* messages.json */; };
		7D8D34B02CE1089D00A0CE5D /* MessageData.swift in Sources */ = {isa = PBXBuildFile; fileRef = 7D8D34AF2CE1089D00A0CE5D /* MessageData.swift */; };
		7D8D34B22CE108BD00A0CE5D /* Message.swift in Sources */ = {isa = PBXBuildFile; fileRef = 7D8D34B12CE108BD00A0CE5D /* Message.swift */; };
		7D8D34B42CE1887A00A0CE5D /* MessageView.swift in Sources */ = {isa = PBXBuildFile; fileRef = 7D8D34B32CE1887A00A0CE5D /* MessageView.swift */; };
		7D8D34B82CE1899000A0CE5D /* RoundedCorner.swift in Sources */ = {isa = PBXBuildFile; fileRef = 7D8D34B72CE1899000A0CE5D /* RoundedCorner.swift */; };
		7D8D34BA2CE18F0100A0CE5D /* InputView.swift in Sources */ = {isa = PBXBuildFile; fileRef = 7D8D34B92CE18F0100A0CE5D /* InputView.swift */; };
		7D8D34BC2CE1909E00A0CE5D /* MessageHistoryView.swift in Sources */ = {isa = PBXBuildFile; fileRef = 7D8D34BB2CE1909E00A0CE5D /* MessageHistoryView.swift */; };
		7D8D34BE2CE1917000A0CE5D /* SoundWave.swift in Sources */ = {isa = PBXBuildFile; fileRef = 7D8D34BD2CE1917000A0CE5D /* SoundWave.swift */; };
		7D8D34C12CE1946E00A0CE5D /* openai.swift in Sources */ = {isa = PBXBuildFile; fileRef = 7D8D34C02CE1946E00A0CE5D /* openai.swift */; };
		7D8D34C52CE2C39900A0CE5D /* Configuration.swift in Sources */ = {isa = PBXBuildFile; fileRef = 7D8D34C42CE2C39900A0CE5D /* Configuration.swift */; };
		7D8D34C72CE2CAA400A0CE5D /* Agent.swift in Sources */ = {isa = PBXBuildFile; fileRef = 7D8D34C62CE2CAA300A0CE5D /* Agent.swift */; };
		7D8D34C92CE2CAB400A0CE5D /* Manager.swift in Sources */ = {isa = PBXBuildFile; fileRef = 7D8D34C82CE2CAB400A0CE5D /* Manager.swift */; };
		7D8D34CB2CE2CABC00A0CE5D /* State.swift in Sources */ = {isa = PBXBuildFile; fileRef = 7D8D34CA2CE2CABC00A0CE5D /* State.swift */; };
		7D8D34CD2CE2CAC600A0CE5D /* Memory.swift in Sources */ = {isa = PBXBuildFile; fileRef = 7D8D34CC2CE2CAC600A0CE5D /* Memory.swift */; };
		7D8D34D32CE2CDE000A0CE5D /* utils.swift in Sources */ = {isa = PBXBuildFile; fileRef = 7D8D34D22CE2CDE000A0CE5D /* utils.swift */; };
/* End PBXBuildFile section */

/* Begin PBXFileReference section */
		7D8D349A2CE1071D00A0CE5D /* echo.app */ = {isa = PBXFileReference; explicitFileType = wrapper.application; includeInIndex = 0; path = echo.app; sourceTree = BUILT_PRODUCTS_DIR; };
		7D8D349D2CE1071D00A0CE5D /* echoApp.swift */ = {isa = PBXFileReference; lastKnownFileType = sourcecode.swift; path = echoApp.swift; sourceTree = "<group>"; };
		7D8D349F2CE1071D00A0CE5D /* ContentView.swift */ = {isa = PBXFileReference; lastKnownFileType = sourcecode.swift; path = ContentView.swift; sourceTree = "<group>"; };
		7D8D34A12CE1072000A0CE5D /* Assets.xcassets */ = {isa = PBXFileReference; lastKnownFileType = folder.assetcatalog; path = Assets.xcassets; sourceTree = "<group>"; };
		7D8D34A42CE1072000A0CE5D /* Preview Assets.xcassets */ = {isa = PBXFileReference; lastKnownFileType = folder.assetcatalog; path = "Preview Assets.xcassets"; sourceTree = "<group>"; };
		7D8D34AB2CE1073300A0CE5D /* messages.json */ = {isa = PBXFileReference; fileEncoding = 4; lastKnownFileType = text.json; path = messages.json; sourceTree = "<group>"; };
		7D8D34AF2CE1089D00A0CE5D /* MessageData.swift */ = {isa = PBXFileReference; lastKnownFileType = sourcecode.swift; name = MessageData.swift; path = echo/Model/MessageData.swift; sourceTree = SOURCE_ROOT; };
		7D8D34B12CE108BD00A0CE5D /* Message.swift */ = {isa = PBXFileReference; lastKnownFileType = sourcecode.swift; path = Message.swift; sourceTree = "<group>"; };
		7D8D34B32CE1887A00A0CE5D /* MessageView.swift */ = {isa = PBXFileReference; lastKnownFileType = sourcecode.swift; path = MessageView.swift; sourceTree = "<group>"; };
		7D8D34B72CE1899000A0CE5D /* RoundedCorner.swift */ = {isa = PBXFileReference; lastKnownFileType = sourcecode.swift; path = RoundedCorner.swift; sourceTree = "<group>"; };
		7D8D34B92CE18F0100A0CE5D /* InputView.swift */ = {isa = PBXFileReference; lastKnownFileType = sourcecode.swift; path = InputView.swift; sourceTree = "<group>"; };
		7D8D34BB2CE1909E00A0CE5D /* MessageHistoryView.swift */ = {isa = PBXFileReference; lastKnownFileType = sourcecode.swift; path = MessageHistoryView.swift; sourceTree = "<group>"; };
		7D8D34BD2CE1917000A0CE5D /* SoundWave.swift */ = {isa = PBXFileReference; lastKnownFileType = sourcecode.swift; path = SoundWave.swift; sourceTree = "<group>"; };
		7D8D34C02CE1946E00A0CE5D /* openai.swift */ = {isa = PBXFileReference; lastKnownFileType = sourcecode.swift; path = openai.swift; sourceTree = "<group>"; };
		7D8D34C32CE2C35D00A0CE5D /* Info.plist */ = {isa = PBXFileReference; lastKnownFileType = text.plist; path = Info.plist; sourceTree = "<group>"; };
		7D8D34C42CE2C39900A0CE5D /* Configuration.swift */ = {isa = PBXFileReference; lastKnownFileType = sourcecode.swift; name = Configuration.swift; path = echo/Core/Configuration.swift; sourceTree = SOURCE_ROOT; };
		7D8D34C62CE2CAA300A0CE5D /* Agent.swift */ = {isa = PBXFileReference; lastKnownFileType = sourcecode.swift; path = Agent.swift; sourceTree = "<group>"; };
		7D8D34C82CE2CAB400A0CE5D /* Manager.swift */ = {isa = PBXFileReference; lastKnownFileType = sourcecode.swift; path = Manager.swift; sourceTree = "<group>"; };
		7D8D34CA2CE2CABC00A0CE5D /* State.swift */ = {isa = PBXFileReference; lastKnownFileType = sourcecode.swift; path = State.swift; sourceTree = "<group>"; };
		7D8D34CC2CE2CAC600A0CE5D /* Memory.swift */ = {isa = PBXFileReference; lastKnownFileType = sourcecode.swift; path = Memory.swift; sourceTree = "<group>"; };
		7D8D34D22CE2CDE000A0CE5D /* utils.swift */ = {isa = PBXFileReference; lastKnownFileType = sourcecode.swift; path = utils.swift; sourceTree = "<group>"; };
/* End PBXFileReference section */

/* Begin PBXFrameworksBuildPhase section */
		7D8D34972CE1071D00A0CE5D /* Frameworks */ = {
			isa = PBXFrameworksBuildPhase;
			buildActionMask = 2147483647;
			files = (
			);
			runOnlyForDeploymentPostprocessing = 0;
		};
/* End PBXFrameworksBuildPhase section */

/* Begin PBXGroup section */
		7D8D34912CE1071D00A0CE5D = {
			isa = PBXGroup;
			children = (
				7D8D349C2CE1071D00A0CE5D /* echo */,
				7D8D349B2CE1071D00A0CE5D /* Products */,
			);
			sourceTree = "<group>";
		};
		7D8D349B2CE1071D00A0CE5D /* Products */ = {
			isa = PBXGroup;
			children = (
				7D8D349A2CE1071D00A0CE5D /* echo.app */,
			);
			name = Products;
			sourceTree = "<group>";
		};
		7D8D349C2CE1071D00A0CE5D /* echo */ = {
			isa = PBXGroup;
			children = (
				7D8D34C32CE2C35D00A0CE5D /* Info.plist */,
				7D8D34CF2CE2CAE900A0CE5D /* Core */,
				7D8D34BF2CE193A100A0CE5D /* Agent */,
				7D8D34B62CE1896E00A0CE5D /* Shapes */,
				7D8D34B52CE1896100A0CE5D /* Model */,
				7D8D34AE2CE1074300A0CE5D /* Views */,
				7D8D34AD2CE1073800A0CE5D /* Resources */,
				7D8D349D2CE1071D00A0CE5D /* echoApp.swift */,
				7D8D34A12CE1072000A0CE5D /* Assets.xcassets */,
				7D8D34A32CE1072000A0CE5D /* Preview Content */,
			);
			path = echo;
			sourceTree = "<group>";
		};
		7D8D34A32CE1072000A0CE5D /* Preview Content */ = {
			isa = PBXGroup;
			children = (
				7D8D34A42CE1072000A0CE5D /* Preview Assets.xcassets */,
			);
			path = "Preview Content";
			sourceTree = "<group>";
		};
		7D8D34AD2CE1073800A0CE5D /* Resources */ = {
			isa = PBXGroup;
			children = (
				7D8D34AB2CE1073300A0CE5D /* messages.json */,
			);
			path = Resources;
			sourceTree = "<group>";
		};
		7D8D34AE2CE1074300A0CE5D /* Views */ = {
			isa = PBXGroup;
			children = (
				7D8D349F2CE1071D00A0CE5D /* ContentView.swift */,
				7D8D34BB2CE1909E00A0CE5D /* MessageHistoryView.swift */,
				7D8D34B92CE18F0100A0CE5D /* InputView.swift */,
				7D8D34B32CE1887A00A0CE5D /* MessageView.swift */,
			);
			path = Views;
			sourceTree = "<group>";
		};
		7D8D34B52CE1896100A0CE5D /* Model */ = {
			isa = PBXGroup;
			children = (
				7D8D34B12CE108BD00A0CE5D /* Message.swift */,
				7D8D34AF2CE1089D00A0CE5D /* MessageData.swift */,
			);
			path = Model;
			sourceTree = "<group>";
		};
		7D8D34B62CE1896E00A0CE5D /* Shapes */ = {
			isa = PBXGroup;
			children = (
				7D8D34B72CE1899000A0CE5D /* RoundedCorner.swift */,
				7D8D34BD2CE1917000A0CE5D /* SoundWave.swift */,
			);
			path = Shapes;
			sourceTree = "<group>";
		};
		7D8D34BF2CE193A100A0CE5D /* Agent */ = {
			isa = PBXGroup;
			children = (
				7D8D34CE2CE2CAD300A0CE5D /* States */,
			);
			path = Agent;
			sourceTree = "<group>";
		};
		7D8D34CE2CE2CAD300A0CE5D /* States */ = {
			isa = PBXGroup;
			children = (
			);
			path = States;
			sourceTree = "<group>";
		};
		7D8D34CF2CE2CAE900A0CE5D /* Core */ = {
			isa = PBXGroup;
			children = (
				7D8D34C02CE1946E00A0CE5D /* openai.swift */,
				7D8D34C42CE2C39900A0CE5D /* Configuration.swift */,
				7D8D34C62CE2CAA300A0CE5D /* Agent.swift */,
				7D8D34C82CE2CAB400A0CE5D /* Manager.swift */,
				7D8D34CA2CE2CABC00A0CE5D /* State.swift */,
				7D8D34CC2CE2CAC600A0CE5D /* Memory.swift */,
				7D8D34D22CE2CDE000A0CE5D /* utils.swift */,
			);
			path = Core;
			sourceTree = "<group>";
		};
/* End PBXGroup section */

/* Begin PBXNativeTarget section */
		7D8D34992CE1071D00A0CE5D /* echo */ = {
			isa = PBXNativeTarget;
			buildConfigurationList = 7D8D34A82CE1072000A0CE5D /* Build configuration list for PBXNativeTarget "echo" */;
			buildPhases = (
				7D8D34962CE1071D00A0CE5D /* Sources */,
				7D8D34972CE1071D00A0CE5D /* Frameworks */,
				7D8D34982CE1071D00A0CE5D /* Resources */,
			);
			buildRules = (
			);
			dependencies = (
			);
			name = echo;
			productName = echo;
			productReference = 7D8D349A2CE1071D00A0CE5D /* echo.app */;
			productType = "com.apple.product-type.application";
		};
/* End PBXNativeTarget section */

/* Begin PBXProject section */
		7D8D34922CE1071D00A0CE5D /* Project object */ = {
			isa = PBXProject;
			attributes = {
				BuildIndependentTargetsInParallel = 1;
				LastSwiftUpdateCheck = 1500;
				LastUpgradeCheck = 1500;
				TargetAttributes = {
					7D8D34992CE1071D00A0CE5D = {
						CreatedOnToolsVersion = 15.0;
					};
				};
			};
			buildConfigurationList = 7D8D34952CE1071D00A0CE5D /* Build configuration list for PBXProject "echo" */;
			compatibilityVersion = "Xcode 14.0";
			developmentRegion = en;
			hasScannedForEncodings = 0;
			knownRegions = (
				en,
				Base,
			);
			mainGroup = 7D8D34912CE1071D00A0CE5D;
			productRefGroup = 7D8D349B2CE1071D00A0CE5D /* Products */;
			projectDirPath = "";
			projectRoot = "";
			targets = (
				7D8D34992CE1071D00A0CE5D /* echo */,
			);
		};
/* End PBXProject section */

/* Begin PBXResourcesBuildPhase section */
		7D8D34982CE1071D00A0CE5D /* Resources */ = {
			isa = PBXResourcesBuildPhase;
			buildActionMask = 2147483647;
			files = (
				7D8D34A52CE1072000A0CE5D /* Preview Assets.xcassets in Resources */,
				7D8D34A22CE1072000A0CE5D /* Assets.xcassets in Resources */,
				7D8D34AC2CE1073300A0CE5D /* messages.json in Resources */,
			);
			runOnlyForDeploymentPostprocessing = 0;
		};
/* End PBXResourcesBuildPhase section */

/* Begin PBXSourcesBuildPhase section */
		7D8D34962CE1071D00A0CE5D /* Sources */ = {
			isa = PBXSourcesBuildPhase;
			buildActionMask = 2147483647;
			files = (
				7D8D34B82CE1899000A0CE5D /* RoundedCorner.swift in Sources */,
				7D8D34BE2CE1917000A0CE5D /* SoundWave.swift in Sources */,
				7D8D34BA2CE18F0100A0CE5D /* InputView.swift in Sources */,
				7D8D34CD2CE2CAC600A0CE5D /* Memory.swift in Sources */,
				7D8D34A02CE1071D00A0CE5D /* ContentView.swift in Sources */,
				7D8D34B22CE108BD00A0CE5D /* Message.swift in Sources */,
				7D8D34CB2CE2CABC00A0CE5D /* State.swift in Sources */,
				7D8D34D32CE2CDE000A0CE5D /* utils.swift in Sources */,
				7D8D34B02CE1089D00A0CE5D /* MessageData.swift in Sources */,
				7D8D34BC2CE1909E00A0CE5D /* MessageHistoryView.swift in Sources */,
				7D8D34C92CE2CAB400A0CE5D /* Manager.swift in Sources */,
				7D8D34C12CE1946E00A0CE5D /* openai.swift in Sources */,
				7D8D349E2CE1071D00A0CE5D /* echoApp.swift in Sources */,
				7D8D34C72CE2CAA400A0CE5D /* Agent.swift in Sources */,
				7D8D34C52CE2C39900A0CE5D /* Configuration.swift in Sources */,
				7D8D34B42CE1887A00A0CE5D /* MessageView.swift in Sources */,
			);
			runOnlyForDeploymentPostprocessing = 0;
		};
/* End PBXSourcesBuildPhase section */

/* Begin XCBuildConfiguration section */
		7D8D34A62CE1072000A0CE5D /* Debug */ = {
			isa = XCBuildConfiguration;
			buildSettings = {
				ALWAYS_SEARCH_USER_PATHS = NO;
				ASSETCATALOG_COMPILER_GENERATE_SWIFT_ASSET_SYMBOL_EXTENSIONS = YES;
				CLANG_ANALYZER_NONNULL = YES;
				CLANG_ANALYZER_NUMBER_OBJECT_CONVERSION = YES_AGGRESSIVE;
				CLANG_CXX_LANGUAGE_STANDARD = "gnu++20";
				CLANG_ENABLE_MODULES = YES;
				CLANG_ENABLE_OBJC_ARC = YES;
				CLANG_ENABLE_OBJC_WEAK = YES;
				CLANG_WARN_BLOCK_CAPTURE_AUTORELEASING = YES;
				CLANG_WARN_BOOL_CONVERSION = YES;
				CLANG_WARN_COMMA = YES;
				CLANG_WARN_CONSTANT_CONVERSION = YES;
				CLANG_WARN_DEPRECATED_OBJC_IMPLEMENTATIONS = YES;
				CLANG_WARN_DIRECT_OBJC_ISA_USAGE = YES_ERROR;
				CLANG_WARN_DOCUMENTATION_COMMENTS = YES;
				CLANG_WARN_EMPTY_BODY = YES;
				CLANG_WARN_ENUM_CONVERSION = YES;
				CLANG_WARN_INFINITE_RECURSION = YES;
				CLANG_WARN_INT_CONVERSION = YES;
				CLANG_WARN_NON_LITERAL_NULL_CONVERSION = YES;
				CLANG_WARN_OBJC_IMPLICIT_RETAIN_SELF = YES;
				CLANG_WARN_OBJC_LITERAL_CONVERSION = YES;
				CLANG_WARN_OBJC_ROOT_CLASS = YES_ERROR;
				CLANG_WARN_QUOTED_INCLUDE_IN_FRAMEWORK_HEADER = YES;
				CLANG_WARN_RANGE_LOOP_ANALYSIS = YES;
				CLANG_WARN_STRICT_PROTOTYPES = YES;
				CLANG_WARN_SUSPICIOUS_MOVE = YES;
				CLANG_WARN_UNGUARDED_AVAILABILITY = YES_AGGRESSIVE;
				CLANG_WARN_UNREACHABLE_CODE = YES;
				CLANG_WARN__DUPLICATE_METHOD_MATCH = YES;
				COPY_PHASE_STRIP = NO;
				DEBUG_INFORMATION_FORMAT = dwarf;
				ENABLE_STRICT_OBJC_MSGSEND = YES;
				ENABLE_TESTABILITY = YES;
				ENABLE_USER_SCRIPT_SANDBOXING = YES;
				GCC_C_LANGUAGE_STANDARD = gnu17;
				GCC_DYNAMIC_NO_PIC = NO;
				GCC_NO_COMMON_BLOCKS = YES;
				GCC_OPTIMIZATION_LEVEL = 0;
				GCC_PREPROCESSOR_DEFINITIONS = (
					"DEBUG=1",
					"$(inherited)",
				);
				GCC_WARN_64_TO_32_BIT_CONVERSION = YES;
				GCC_WARN_ABOUT_RETURN_TYPE = YES_ERROR;
				GCC_WARN_UNDECLARED_SELECTOR = YES;
				GCC_WARN_UNINITIALIZED_AUTOS = YES_AGGRESSIVE;
				GCC_WARN_UNUSED_FUNCTION = YES;
				GCC_WARN_UNUSED_VARIABLE = YES;
				IPHONEOS_DEPLOYMENT_TARGET = 17.0;
				LOCALIZATION_PREFERS_STRING_CATALOGS = YES;
				MTL_ENABLE_DEBUG_INFO = INCLUDE_SOURCE;
				MTL_FAST_MATH = YES;
				ONLY_ACTIVE_ARCH = YES;
				OPENAI_API_KEY = "";
				OPENAI_BASE_URL = "https://api.openai.com/v1/chat/completions";
				SDKROOT = iphoneos;
				SWIFT_ACTIVE_COMPILATION_CONDITIONS = "DEBUG $(inherited)";
				SWIFT_OPTIMIZATION_LEVEL = "-Onone";
			};
			name = Debug;
		};
		7D8D34A72CE1072000A0CE5D /* Release */ = {
			isa = XCBuildConfiguration;
			buildSettings = {
				ALWAYS_SEARCH_USER_PATHS = NO;
				ASSETCATALOG_COMPILER_GENERATE_SWIFT_ASSET_SYMBOL_EXTENSIONS = YES;
				CLANG_ANALYZER_NONNULL = YES;
				CLANG_ANALYZER_NUMBER_OBJECT_CONVERSION = YES_AGGRESSIVE;
				CLANG_CXX_LANGUAGE_STANDARD = "gnu++20";
				CLANG_ENABLE_MODULES = YES;
				CLANG_ENABLE_OBJC_ARC = YES;
				CLANG_ENABLE_OBJC_WEAK = YES;
				CLANG_WARN_BLOCK_CAPTURE_AUTORELEASING = YES;
				CLANG_WARN_BOOL_CONVERSION = YES;
				CLANG_WARN_COMMA = YES;
				CLANG_WARN_CONSTANT_CONVERSION = YES;
				CLANG_WARN_DEPRECATED_OBJC_IMPLEMENTATIONS = YES;
				CLANG_WARN_DIRECT_OBJC_ISA_USAGE = YES_ERROR;
				CLANG_WARN_DOCUMENTATION_COMMENTS = YES;
				CLANG_WARN_EMPTY_BODY = YES;
				CLANG_WARN_ENUM_CONVERSION = YES;
				CLANG_WARN_INFINITE_RECURSION = YES;
				CLANG_WARN_INT_CONVERSION = YES;
				CLANG_WARN_NON_LITERAL_NULL_CONVERSION = YES;
				CLANG_WARN_OBJC_IMPLICIT_RETAIN_SELF = YES;
				CLANG_WARN_OBJC_LITERAL_CONVERSION = YES;
				CLANG_WARN_OBJC_ROOT_CLASS = YES_ERROR;
				CLANG_WARN_QUOTED_INCLUDE_IN_FRAMEWORK_HEADER = YES;
				CLANG_WARN_RANGE_LOOP_ANALYSIS = YES;
				CLANG_WARN_STRICT_PROTOTYPES = YES;
				CLANG_WARN_SUSPICIOUS_MOVE = YES;
				CLANG_WARN_UNGUARDED_AVAILABILITY = YES_AGGRESSIVE;
				CLANG_WARN_UNREACHABLE_CODE = YES;
				CLANG_WARN__DUPLICATE_METHOD_MATCH = YES;
				COPY_PHASE_STRIP = NO;
				DEBUG_INFORMATION_FORMAT = "dwarf-with-dsym";
				ENABLE_NS_ASSERTIONS = NO;
				ENABLE_STRICT_OBJC_MSGSEND = YES;
				ENABLE_USER_SCRIPT_SANDBOXING = YES;
				GCC_C_LANGUAGE_STANDARD = gnu17;
				GCC_NO_COMMON_BLOCKS = YES;
				GCC_WARN_64_TO_32_BIT_CONVERSION = YES;
				GCC_WARN_ABOUT_RETURN_TYPE = YES_ERROR;
				GCC_WARN_UNDECLARED_SELECTOR = YES;
				GCC_WARN_UNINITIALIZED_AUTOS = YES_AGGRESSIVE;
				GCC_WARN_UNUSED_FUNCTION = YES;
				GCC_WARN_UNUSED_VARIABLE = YES;
				IPHONEOS_DEPLOYMENT_TARGET = 17.0;
				LOCALIZATION_PREFERS_STRING_CATALOGS = YES;
				MTL_ENABLE_DEBUG_INFO = NO;
				MTL_FAST_MATH = YES;
				OPENAI_API_KEY = "";
				OPENAI_BASE_URL = "https://api.openai.com/v1/chat/completions";
				SDKROOT = iphoneos;
				SWIFT_COMPILATION_MODE = wholemodule;
				VALIDATE_PRODUCT = YES;
			};
			name = Release;
		};
		7D8D34A92CE1072000A0CE5D /* Debug */ = {
			isa = XCBuildConfiguration;
			buildSettings = {
				ASSETCATALOG_COMPILER_APPICON_NAME = AppIcon;
				ASSETCATALOG_COMPILER_GLOBAL_ACCENT_COLOR_NAME = AccentColor;
				CODE_SIGN_STYLE = Automatic;
				CURRENT_PROJECT_VERSION = 1;
				DEVELOPMENT_ASSET_PATHS = "\"echo/Preview Content\"";
				DEVELOPMENT_TEAM = A69J69A63Y;
				ENABLE_PREVIEWS = YES;
				GENERATE_INFOPLIST_FILE = YES;
				INFOPLIST_FILE = echo/Info.plist;
				INFOPLIST_KEY_UIApplicationSceneManifest_Generation = YES;
				INFOPLIST_KEY_UIApplicationSupportsIndirectInputEvents = YES;
				INFOPLIST_KEY_UILaunchScreen_Generation = YES;
				INFOPLIST_KEY_UIRequiresFullScreen = NO;
				INFOPLIST_KEY_UIStatusBarHidden = NO;
				INFOPLIST_KEY_UIStatusBarStyle = "";
				INFOPLIST_KEY_UISupportedInterfaceOrientations_iPad = "UIInterfaceOrientationPortrait UIInterfaceOrientationPortraitUpsideDown UIInterfaceOrientationLandscapeLeft UIInterfaceOrientationLandscapeRight";
				INFOPLIST_KEY_UISupportedInterfaceOrientations_iPhone = "UIInterfaceOrientationPortrait UIInterfaceOrientationLandscapeLeft UIInterfaceOrientationLandscapeRight";
				LD_RUNPATH_SEARCH_PATHS = (
					"$(inherited)",
					"@executable_path/Frameworks",
				);
				MARKETING_VERSION = 1.0;
				ONLY_ACTIVE_ARCH = YES;
				OPENAI_API_KEY = "";
				OPENAI_BASE_URL = "https://api.openai.com/v1/chat/completions";
				PRODUCT_BUNDLE_IDENTIFIER = me.echo;
				PRODUCT_NAME = "$(TARGET_NAME)";
				SWIFT_EMIT_LOC_STRINGS = YES;
				SWIFT_VERSION = 5.0;
				TARGETED_DEVICE_FAMILY = "1,2";
			};
			name = Debug;
		};
		7D8D34AA2CE1072000A0CE5D /* Release */ = {
			isa = XCBuildConfiguration;
			buildSettings = {
				ASSETCATALOG_COMPILER_APPICON_NAME = AppIcon;
				ASSETCATALOG_COMPILER_GLOBAL_ACCENT_COLOR_NAME = AccentColor;
				CODE_SIGN_STYLE = Automatic;
				CURRENT_PROJECT_VERSION = 1;
				DEVELOPMENT_ASSET_PATHS = "\"echo/Preview Content\"";
				DEVELOPMENT_TEAM = A69J69A63Y;
				ENABLE_PREVIEWS = YES;
				GENERATE_INFOPLIST_FILE = YES;
				INFOPLIST_FILE = echo/Info.plist;
				INFOPLIST_KEY_UIApplicationSceneManifest_Generation = YES;
				INFOPLIST_KEY_UIApplicationSupportsIndirectInputEvents = YES;
				INFOPLIST_KEY_UILaunchScreen_Generation = YES;
				INFOPLIST_KEY_UIRequiresFullScreen = NO;
				INFOPLIST_KEY_UIStatusBarHidden = NO;
				INFOPLIST_KEY_UIStatusBarStyle = "";
				INFOPLIST_KEY_UISupportedInterfaceOrientations_iPad = "UIInterfaceOrientationPortrait UIInterfaceOrientationPortraitUpsideDown UIInterfaceOrientationLandscapeLeft UIInterfaceOrientationLandscapeRight";
				INFOPLIST_KEY_UISupportedInterfaceOrientations_iPhone = "UIInterfaceOrientationPortrait UIInterfaceOrientationLandscapeLeft UIInterfaceOrientationLandscapeRight";
				LD_RUNPATH_SEARCH_PATHS = (
					"$(inherited)",
					"@executable_path/Frameworks",
				);
				MARKETING_VERSION = 1.0;
				ONLY_ACTIVE_ARCH = NO;
				OPENAI_API_KEY = "";
				OPENAI_BASE_URL = "https://api.openai.com/v1/chat/completions";
				PRODUCT_BUNDLE_IDENTIFIER = me.echo;
				PRODUCT_NAME = "$(TARGET_NAME)";
				SWIFT_EMIT_LOC_STRINGS = YES;
				SWIFT_VERSION = 5.0;
				TARGETED_DEVICE_FAMILY = "1,2";
			};
			name = Release;
		};
/* End XCBuildConfiguration section */

/* Begin XCConfigurationList section */
		7D8D34952CE1071D00A0CE5D /* Build configuration list for PBXProject "echo" */ = {
			isa = XCConfigurationList;
			buildConfigurations = (
				7D8D34A62CE1072000A0CE5D /* Debug */,
				7D8D34A72CE1072000A0CE5D /* Release */,
			);
			defaultConfigurationIsVisible = 0;
			defaultConfigurationName = Release;
		};
		7D8D34A82CE1072000A0CE5D /* Build configuration list for PBXNativeTarget "echo" */ = {
			isa = XCConfigurationList;
			buildConfigurations = (
				7D8D34A92CE1072000A0CE5D /* Debug */,
				7D8D34AA2CE1072000A0CE5D /* Release */,
			);
			defaultConfigurationIsVisible = 0;
			defaultConfigurationName = Release;
		};
/* End XCConfigurationList section */
	};
	rootObject = 7D8D34922CE1071D00A0CE5D /* Project object */;
}
